<?xml version="1.0" encoding="utf-8"?>
<Project ToolsVersion="4.0" xmlns:atg="http://atg.xbox.com" xmlns="http://schemas.microsoft.com/developer/msbuild/2003">
  <ItemGroup>
    <Filter Include="Resource Files">
      <UniqueIdentifier>{8e114980-c1a3-4ada-ad7c-83caadf5daeb}</UniqueIdentifier>
      <Extensions>rc;ico;cur;bmp;dlg;rc2;rct;bin;rgs;gif;jpg;jpeg;jpe</Extensions>
    </Filter>
    <Filter Include="DXUT">
      <UniqueIdentifier>{a43c5c25-0e86-4a20-b64a-883785ff74fd}</UniqueIdentifier>
    </Filter>
    <Filter Include="Shaders">
      <UniqueIdentifier>{2c3d4c8c-5d1a-459a-a05a-a4e4b608a44e}</UniqueIdentifier>
      <Extensions>fx;fxh;hlsl</Extensions>
    </Filter>
    <Filter Include="include">
      <UniqueIdentifier>{6dac1631-043c-44f3-9f23-23191e1aff42}</UniqueIdentifier>
    </Filter>
    <Filter Include="source">
      <UniqueIdentifier>{e9cebe96-30a0-43cb-8b8f-0da5709a4290}</UniqueIdentifier>
    </Filter>
    <Filter Include="include\Patterns">
      <UniqueIdentifier>{879cd574-d1b0-4916-85fc-5b83070fbbc8}</UniqueIdentifier>
    </Filter>
    <Filter Include="include\Utilities">
      <UniqueIdentifier>{b0959de9-691b-4627-b014-66a2960f8209}</UniqueIdentifier>
    </Filter>
    <Filter Include="include\ECS">
      <UniqueIdentifier>{0f4fbcd6-e266-4ed5-a948-ea0a207e485c}</UniqueIdentifier>
    </Filter>
    <Filter Include="include\Utilities\Memory">
      <UniqueIdentifier>{759a5de3-beae-4458-a20d-b7f5d81d0fa2}</UniqueIdentifier>
    </Filter>
    <Filter Include="include\Utilities\Vector">
      <UniqueIdentifier>{5228384e-570a-4737-836f-626ba3f1f6f0}</UniqueIdentifier>
    </Filter>
    <Filter Include="source\ECS">
      <UniqueIdentifier>{1b1555f7-210e-4cdd-9ec0-bdb785b4d710}</UniqueIdentifier>
    </Filter>
    <Filter Include="imgui">
      <UniqueIdentifier>{31617e8d-26f5-44ec-9445-10c4297bae00}</UniqueIdentifier>
    </Filter>
    <Filter Include="imgui\include">
      <UniqueIdentifier>{6d3ce91f-a80e-4bc0-8eff-e438f7a72b05}</UniqueIdentifier>
    </Filter>
    <Filter Include="imgui\source">
      <UniqueIdentifier>{566a4c35-d234-491b-b7f1-a77bbe20c916}</UniqueIdentifier>
    </Filter>
    <Filter Include="include\SceneGraph">
      <UniqueIdentifier>{1757c5b9-74b3-4a7c-aca8-304e46bba2f4}</UniqueIdentifier>
    </Filter>
    <Filter Include="source\SceneGraph">
      <UniqueIdentifier>{06b326ef-b6ff-47b3-99e4-ce6542eb8955}</UniqueIdentifier>
    </Filter>
  </ItemGroup>
  <ItemGroup>
    <ClCompile Include="WildvineEngine.cpp">
      <Filter>source</Filter>
    </ClCompile>
    <ClCompile Include="source\Window.cpp">
      <Filter>source</Filter>
    </ClCompile>
    <ClCompile Include="source\Device.cpp">
      <Filter>source</Filter>
    </ClCompile>
    <ClCompile Include="source\DeviceContext.cpp">
      <Filter>source</Filter>
    </ClCompile>
    <ClCompile Include="source\Texture.cpp">
      <Filter>source</Filter>
    </ClCompile>
    <ClCompile Include="source\SwapChain.cpp">
      <Filter>source</Filter>
    </ClCompile>
    <ClCompile Include="source\RenderTargetView.cpp">
      <Filter>source</Filter>
    </ClCompile>
    <ClCompile Include="source\DepthStencilView.cpp">
      <Filter>source</Filter>
    </ClCompile>
    <ClCompile Include="source\Viewport.cpp">
      <Filter>source</Filter>
    </ClCompile>
    <ClCompile Include="source\InputLayout.cpp">
      <Filter>source</Filter>
    </ClCompile>
    <ClCompile Include="source\ShaderProgram.cpp">
      <Filter>source</Filter>
    </ClCompile>
    <ClCompile Include="source\Buffer.cpp">
      <Filter>source</Filter>
    </ClCompile>
    <ClCompile Include="source\SamplerState.cpp">
      <Filter>source</Filter>
    </ClCompile>
    <ClCompile Include="source\BaseApp.cpp">
      <Filter>source</Filter>
    </ClCompile>
    <ClCompile Include="source\Model3D.cpp">
      <Filter>source</Filter>
    </ClCompile>
    <ClCompile Include="source\ECS\Actor.cpp">
      <Filter>source\ECS</Filter>
    </ClCompile>
    <ClCompile Include="source\GUI\GUI.cpp">
      <Filter>source</Filter>
    </ClCompile>
    <ClCompile Include="Imgui\imgui-docking-znly-docking\imgui.cpp">
      <Filter>imgui\source</Filter>
    </ClCompile>
    <ClCompile Include="Imgui\imgui-docking-znly-docking\imgui_demo.cpp">
      <Filter>imgui\source</Filter>
    </ClCompile>
    <ClCompile Include="Imgui\imgui-docking-znly-docking\imgui_draw.cpp">
      <Filter>imgui\source</Filter>
    </ClCompile>
    <ClCompile Include="Imgui\imgui-docking-znly-docking\imgui_tables.cpp">
      <Filter>imgui\source</Filter>
    </ClCompile>
    <ClCompile Include="Imgui\imgui-docking-znly-docking\imgui_widgets.cpp">
      <Filter>imgui\source</Filter>
    </ClCompile>
    <ClCompile Include="Imgui\imgui-docking-znly-docking\backends\imgui_impl_dx11.cpp">
      <Filter>imgui\source</Filter>
    </ClCompile>
    <ClCompile Include="Imgui\imgui-docking-znly-docking\backends\imgui_impl_win32.cpp">
      <Filter>imgui\source</Filter>
    </ClCompile>
    <ClCompile Include="Imgui\ImGuizmo\ImGuizmo.cpp">
      <Filter>imgui\source</Filter>
    </ClCompile>
    <ClCompile Include="source\SceneGraph\SceneGraph.cpp">
      <Filter>source\SceneGraph</Filter>
    </ClCompile>
    <ClCompile Include="source\Camera.cpp">
      <Filter>source</Filter>
    </ClCompile>
    <ClCompile Include="source\Skybox.cpp">
      <Filter>source</Filter>
    </ClCompile>
    <ClCompile Include="source\RasterizerState.cpp">
      <Filter>source</Filter>
    </ClCompile>
    <ClCompile Include="source\DepthStencilState.cpp">
      <Filter>source</Filter>
    </ClCompile>
  </ItemGroup>
  <ItemGroup>
    <None Include="WildvineEngine.fx">
      <Filter>Shaders</Filter>
    </None>
    <None Include="bin\Skybox.hlsl">
      <Filter>Shaders</Filter>
    </None>
  </ItemGroup>
  <ItemGroup>
    <CLInclude Include="resource.h">
      <Filter>Resource Files</Filter>
    </CLInclude>
    <ResourceCompile Include="WildvineEngine.rc">
      <Filter>Resource Files</Filter>
    </ResourceCompile>
    <ClInclude Include="include\Window.h">
      <Filter>include</Filter>
    </ClInclude>
    <ClInclude Include="include\Device.h">
      <Filter>include</Filter>
    </ClInclude>
    <ClInclude Include="include\DeviceContext.h">
      <Filter>include</Filter>
    </ClInclude>
    <ClInclude Include="include\SwapChain.h">
      <Filter>include</Filter>
    </ClInclude>
    <ClInclude Include="include\Texture.h">
      <Filter>include</Filter>
    </ClInclude>
    <ClInclude Include="include\RenderTargetView.h">
      <Filter>include</Filter>
    </ClInclude>
    <ClInclude Include="include\DepthStencilView.h">
      <Filter>include</Filter>
    </ClInclude>
    <ClInclude Include="include\Viewport.h">
      <Filter>include</Filter>
    </ClInclude>
    <ClInclude Include="include\InputLayout.h">
      <Filter>include</Filter>
    </ClInclude>
    <ClInclude Include="include\ShaderProgram.h">
      <Filter>include</Filter>
    </ClInclude>
    <ClInclude Include="include\Buffer.h">
      <Filter>include</Filter>
    </ClInclude>
    <ClInclude Include="include\SamplerState.h">
      <Filter>include</Filter>
    </ClInclude>
    <ClInclude Include="include\BaseApp.h">
      <Filter>include</Filter>
    </ClInclude>
    <ClInclude Include="include\IResource.h">
      <Filter>include\Patterns</Filter>
    </ClInclude>
    <ClInclude Include="include\ResourceManager.h">
      <Filter>include\Utilities</Filter>
    </ClInclude>
    <ClInclude Include="include\ECS\Component.h">
      <Filter>include\ECS</Filter>
    </ClInclude>
    <ClInclude Include="include\ECS\Entity.h">
      <Filter>include\ECS</Filter>
    </ClInclude>
    <ClInclude Include="include\stb_image.h">
      <Filter>include\Utilities</Filter>
    </ClInclude>
    <ClInclude Include="include\MeshComponent.h">
      <Filter>include\Utilities</Filter>
    </ClInclude>
    <ClInclude Include="include\Prerequisites.h">
      <Filter>include\Utilities</Filter>
    </ClInclude>
    <ClInclude Include="include\Model3D.h">
      <Filter>include\Utilities</Filter>
    </ClInclude>
    <ClInclude Include="include\EngineUtilities\Memory\TSharedPointer.h">
      <Filter>include\Utilities\Memory</Filter>
    </ClInclude>
    <ClInclude Include="include\EngineUtilities\Memory\TStaticPtr.h">
      <Filter>include\Utilities\Memory</Filter>
    </ClInclude>
    <ClInclude Include="include\EngineUtilities\Memory\TUniquePtr.h">
      <Filter>include\Utilities\Memory</Filter>
    </ClInclude>
    <ClInclude Include="include\EngineUtilities\Memory\TWeakPointer.h">
      <Filter>include\Utilities\Memory</Filter>
    </ClInclude>
    <ClInclude Include="include\EngineUtilities\Vectors\Vector2.h">
      <Filter>include\Utilities\Vector</Filter>
    </ClInclude>
    <ClInclude Include="include\EngineUtilities\Vectors\Vector3.h">
      <Filter>include\Utilities\Vector</Filter>
    </ClInclude>
    <ClInclude Include="include\EngineUtilities\Vectors\Vector4.h">
      <Filter>include\Utilities\Vector</Filter>
    </ClInclude>
    <ClInclude Include="include\EngineUtilities\Utilities\EngineMath.h">
      <Filter>include\Utilities</Filter>
    </ClInclude>
    <ClInclude Include="include\ECS\Actor.h">
      <Filter>include\ECS</Filter>
    </ClInclude>
    <ClInclude Include="include\ECS\Transform.h">
      <Filter>include\ECS</Filter>
    </ClInclude>
    <ClInclude Include="include\EngineUtilities\GUI\GUI.h">
      <Filter>include</Filter>
    </ClInclude>
    <ClInclude Include="Imgui\imgui-docking-znly-docking\imconfig.h">
      <Filter>imgui\include</Filter>
    </ClInclude>
    <ClInclude Include="Imgui\imgui-docking-znly-docking\imgui.h">
      <Filter>imgui\include</Filter>
    </ClInclude>
    <ClInclude Include="Imgui\imgui-docking-znly-docking\imgui_internal.h">
      <Filter>imgui\include</Filter>
    </ClInclude>
    <ClInclude Include="Imgui\imgui-docking-znly-docking\imstb_rectpack.h">
      <Filter>imgui\include</Filter>
    </ClInclude>
    <ClInclude Include="Imgui\imgui-docking-znly-docking\imstb_textedit.h">
      <Filter>imgui\include</Filter>
    </ClInclude>
    <ClInclude Include="Imgui\imgui-docking-znly-docking\imstb_truetype.h">
      <Filter>imgui\include</Filter>
    </ClInclude>
    <ClInclude Include="Imgui\imgui-docking-znly-docking\backends\imgui_impl_dx11.h">
      <Filter>imgui\source</Filter>
    </ClInclude>
    <ClInclude Include="Imgui\imgui-docking-znly-docking\backends\imgui_impl_win32.h">
      <Filter>imgui\source</Filter>
    </ClInclude>
    <ClInclude Include="Imgui\ImGuizmo\ImGuizmo.h">
      <Filter>imgui\include</Filter>
    </ClInclude>
    <ClInclude Include="include\SceneGraph\HierarchyComponent.h">
      <Filter>include\SceneGraph</Filter>
    </ClInclude>
    <ClInclude Include="include\SceneGraph\SceneGraph.h">
      <Filter>include\SceneGraph</Filter>
    </ClInclude>
    <ClInclude Include="include\EngineUtilities\Utilities\Camera.h">
      <Filter>include\Utilities</Filter>
    </ClInclude>
    <ClInclude Include="include\EngineUtilities\Utilities\Skybox.h">
      <Filter>include\Utilities</Filter>
    </ClInclude>
    <ClInclude Include="include\RasterizerState.h">
      <Filter>include</Filter>
    </ClInclude>
    <ClInclude Include="include\DepthStencilState.h">
      <Filter>include</Filter>
    </ClInclude>
    <ClInclude Include="include\EngineUtilities\Utilities\LayoutBuilder.h">
      <Filter>include\Utilities</Filter>
    </ClInclude>
  </ItemGroup>
</Project>